{
  "lockfileVersion": 1,
  "workspaces": {
    "": {
      "name": "quantconnect",
      "dependencies": {
        "@hono/node-server": "^1.13.8",
        "@types/csv-parse": "^1.2.5",
        "@types/parquetjs": "^0.10.6",
        "csv-parse": "^5.6.0",
        "csv-parser": "^3.2.0",
        "hono": "^4.7.1",
        "hyparquet-writer": "^0.2.5",
        "moment": "^2.30.1",
        "parquetjs": "^0.11.2",
      },
      "devDependencies": {
        "@types/bun": "latest",
      },
      "peerDependencies": {
        "typescript": "^5.0.0",
      },
    },
  },
  "packages": {
    "@hono/node-server": ["@hono/node-server@1.13.8", "", { "peerDependencies": { "hono": "^4" } }, "sha512-fsn8ucecsAXUoVxrUil0m13kOEq4mkX4/4QozCqmY+HpGfKl74OYSn8JcMA8GnG0ClfdRI4/ZSeG7zhFaVg+wg=="],

    "@types/bun": ["@types/bun@1.2.2", "", { "dependencies": { "bun-types": "1.2.2" } }, "sha512-tr74gdku+AEDN5ergNiBnplr7hpDp3V1h7fqI2GcR/rsUaM39jpSeKH0TFibRvU0KwniRx5POgaYnaXbk0hU+w=="],

    "@types/csv-parse": ["@types/csv-parse@1.2.5", "", { "dependencies": { "csv-parse": "*" } }, "sha512-3PoFyWeuFGqale09vFydLQ6IGdvD+mizcXcB8s6ImWv+830IF0HckvewgcGVfGnTFImqvfvhpYZYod2QqGGGdg=="],

    "@types/node": ["@types/node@22.13.4", "", { "dependencies": { "undici-types": "~6.20.0" } }, "sha512-ywP2X0DYtX3y08eFVx5fNIw7/uIv8hYUKgXoK8oayJlLnKcRfEYCxWMVE1XagUdVtCJlZT1AU4LXEABW+L1Peg=="],

    "@types/node-int64": ["@types/node-int64@0.4.32", "", { "dependencies": { "@types/node": "*" } }, "sha512-xf/JsSlnXQ+mzvc0IpXemcrO4BrCfpgNpMco+GLcXkFk01k/gW9lGJu+Vof0ZSvHK6DsHJDPSbjFPs36QkWXqw=="],

    "@types/parquetjs": ["@types/parquetjs@0.10.6", "", { "dependencies": { "@types/node-int64": "*" } }, "sha512-ZCsD6j97YD0mGU8/VnVs3NjORXa7zeHvqlpJpCqy4jU8a1O21dalL+MFn9QNbdEfy8rszR1N7NHeT7/LdtHf+A=="],

    "@types/ws": ["@types/ws@8.5.14", "", { "dependencies": { "@types/node": "*" } }, "sha512-bd/YFLW+URhBzMXurx7lWByOu+xzU9+kb3RboOteXYDfW+tr+JZa99OyNmPINEGB/ahzKrEuc8rcv4gnpJmxTw=="],

    "base64-js": ["base64-js@1.5.1", "", {}, "sha512-AKpaYlHn8t4SVbOHCy+b5+KKgvR4vrsD8vbvrbiQJps7fKDTkjkDry6ji0rUJjC0kzbNePLwzxq8iypo41qeWA=="],

    "bindings": ["bindings@1.2.1", "", {}, "sha512-u4cBQNepWxYA55FunZSM7wMi55yQaN0otnhhilNoWHq0MfOfJeQx0v0mRRpolGOExPjZcl6FtB0BB8Xkb88F0g=="],

    "brotli": ["brotli@1.3.3", "", { "dependencies": { "base64-js": "^1.1.2" } }, "sha512-oTKjJdShmDuGW94SyyaoQvAjf30dZaHnjJ8uAF+u2/vGJkJbJPJAT1gDiOJP5v1Zb6f9KEyW/1HpuaWIXtGHPg=="],

    "bson": ["bson@1.1.6", "", {}, "sha512-EvVNVeGo4tHxwi8L6bPj3y3itEvStdwvvlojVxxbyYfoaxJ6keLgrTuKdyfEAszFK+H3olzBuafE0yoh0D1gdg=="],

    "bun-types": ["bun-types@1.2.2", "", { "dependencies": { "@types/node": "*", "@types/ws": "~8.5.10" } }, "sha512-RCbMH5elr9gjgDGDhkTTugA21XtJAy/9jkKe/G3WR2q17VPGhcquf9Sir6uay9iW+7P/BV0CAHA1XlHXMAVKHg=="],

    "csv-parse": ["csv-parse@5.6.0", "", {}, "sha512-l3nz3euub2QMg5ouu5U09Ew9Wf6/wQ8I++ch1loQ0ljmzhmfZYrH9fflS22i/PQEvsPvxCwxgz5q7UB8K1JO4Q=="],

    "csv-parser": ["csv-parser@3.2.0", "", { "bin": { "csv-parser": "bin/csv-parser" } }, "sha512-fgKbp+AJbn1h2dcAHKIdKNSSjfp43BZZykXsCjzALjKy80VXQNHPFJ6T9Afwdzoj24aMkq8GwDS7KGcDPpejrA=="],

    "hono": ["hono@4.7.1", "", {}, "sha512-V3eWoPkBxoNgFCkSc5Y5rpLF6YoQQx1pkYO4qrF6YfOw8RZbujUNlJLZCxh0z9gZct70+je2Ih7Zrdpv21hP9w=="],

    "hyparquet": ["hyparquet@1.12.1", "", {}, "sha512-M525R8zlfVhz7k9NZr0yd9Tef50NEwYaBDqvLf0CmA/iwk9dHLtIKQvLpJds88Z2SgZVgUWAfR3PN5NJ1tDB8A=="],

    "hyparquet-writer": ["hyparquet-writer@0.2.5", "", { "dependencies": { "hyparquet": "1.12.1" } }, "sha512-CxnuWa49Ve5u3jpkylnE4DyETV1iH+uKu5JleeWyP8AlujNfL2yrbgIDp8C6h7UZaJ2WLa1gFmpHzr12Ld497A=="],

    "int53": ["int53@0.2.4", "", {}, "sha512-a5jlKftS7HUOhkUyYD7j2sJ/ZnvWiNlZS1ldR+g1ifQ+/UuZXIE+YTc/lK1qGj/GwAU5F8Z0e1eVq2t1J5Ob2g=="],

    "lzo": ["lzo@0.4.11", "", { "dependencies": { "bindings": "~1.2.1" } }, "sha512-apQHNoW2Alg72FMqaC/7pn03I7umdgSVFt2KRkCXXils4Z9u3QBh1uOtl2O5WmZIDLd9g6Lu4lIdOLmiSTFVCQ=="],

    "moment": ["moment@2.30.1", "", {}, "sha512-uEmtNhbDOrWPFS+hdjFCBfy9f2YoyzRpwcl+DqpC6taX21FzsTLQVbMV/W7PzNSX6x/bhC1zA3c2UQ5NzH6how=="],

    "node-int64": ["node-int64@0.4.0", "", {}, "sha512-O5lz91xSOeoXP6DulyHfllpq+Eg00MWitZIbtPfoSEvqIHdl5gfcY6hYzDWnj0qD5tz52PI08u9qUvSVeUBeHw=="],

    "object-stream": ["object-stream@0.0.1", "", {}, "sha512-+NPJnRvX9RDMRY9mOWOo/NDppBjbZhXirNNSu2IBnuNboClC9h1ZGHXgHBLDbJMHsxeJDq922aVmG5xs24a/cA=="],

    "parquetjs": ["parquetjs@0.11.2", "", { "dependencies": { "brotli": "^1.3.0", "bson": "^1.0.4", "int53": "^0.2.4", "object-stream": "0.0.1", "snappyjs": "^0.6.0", "thrift": "^0.11.0", "varint": "^5.0.0" }, "optionalDependencies": { "lzo": "^0.4.0" } }, "sha512-Y6FOc3Oi2AxY4TzJPz7fhICCR8tQNL3p+2xGQoUAMbmlJBR7+JJmMrwuyMjIpDiM7G8Wj/8oqOH4UDUmu4I5ZA=="],

    "q": ["q@1.5.1", "", {}, "sha512-kV/CThkXo6xyFEZUugw/+pIOywXcDbFYgSct5cT3gqlbkBE1SJdwy6UQoZvodiWF/ckQLZyDE/Bu1M6gVu5lVw=="],

    "snappyjs": ["snappyjs@0.6.1", "", {}, "sha512-YIK6I2lsH072UE0aOFxxY1dPDCS43I5ktqHpeAsuLNYWkE5pGxRGWfDM4/vSUfNzXjC1Ivzt3qx31PCLmc9yqg=="],

    "thrift": ["thrift@0.11.0", "", { "dependencies": { "node-int64": "^0.4.0", "q": "^1.5.0", "ws": ">= 2.2.3" } }, "sha512-UpsBhOC45a45TpeHOXE4wwYwL8uD2apbHTbtBvkwtUU4dNwCjC7DpQTjw2Q6eIdfNtw+dKthdwq94uLXTJPfFw=="],

    "typescript": ["typescript@5.7.3", "", { "bin": { "tsc": "bin/tsc", "tsserver": "bin/tsserver" } }, "sha512-84MVSjMEHP+FQRPy3pX9sTVV/INIex71s9TL2Gm5FG/WG1SqXeKyZ0k7/blY/4FdOzI12CBy1vGc4og/eus0fw=="],

    "undici-types": ["undici-types@6.20.0", "", {}, "sha512-Ny6QZ2Nju20vw1SRHe3d9jVu6gJ+4e3+MMpqu7pqE5HT6WsTSlce++GQmK5UXS8mzV8DSYHrQH+Xrf2jVcuKNg=="],

    "varint": ["varint@5.0.2", "", {}, "sha512-lKxKYG6H03yCZUpAGOPOsMcGxd1RHCu1iKvEHYDPmTyq2HueGhD73ssNBqqQWfvYs04G9iUFRvmAVLW20Jw6ow=="],

    "ws": ["ws@8.18.1", "", { "peerDependencies": { "bufferutil": "^4.0.1", "utf-8-validate": ">=5.0.2" }, "optionalPeers": ["bufferutil", "utf-8-validate"] }, "sha512-RKW2aJZMXeMxVpnZ6bck+RswznaxmzdULiBr6KY7XkTnW8uvt0iT9H5DkHUChXrc+uurzwa0rVI16n/Xzjdz1w=="],
  }
}
